
Microsoft Visual Studio Solution File, Format Version 12.00
# Visual Studio Version 17
VisualStudioVersion = 17.5.002.0
MinimumVisualStudioVersion = 10.0.40219.1
Project("{9A19103F-16F7-4668-BE54-9A1E7A4F7556}") = "TwizzitSync", "TwizzitSync.csproj", "{6252A6CD-8246-40D7-A0D8-C1CA349C9ECD}"
EndProject
Global
	GlobalSection(SolutionConfigurationPlatforms) = preSolution
		Debug|Any CPU = Debug|Any CPU
		Release|Any CPU = Release|Any CPU
	EndGlobalSection
	GlobalSection(ProjectConfigurationPlatforms) = postSolution
		{6252A6CD-8246-40D7-A0D8-C1CA349C9ECD}.Debug|Any CPU.ActiveCfg = Debug|Any CPU
		{6252A6CD-8246-40D7-A0D8-C1CA349C9ECD}.Debug|Any CPU.Build.0 = Debug|Any CPU
		{6252A6CD-8246-40D7-A0D8-C1CA349C9ECD}.Release|Any CPU.ActiveCfg = Release|Any CPU
		{6252A6CD-8246-40D7-A0D8-C1CA349C9ECD}.Release|Any CPU.Build.0 = Release|Any CPU
	EndGlobalSection
	GlobalSection(SolutionProperties) = preSolution
		HideSolutionNode = FALSE
	EndGlobalSection
	GlobalSection(ExtensibilityGlobals) = postSolution
		SolutionGuid = {3CAD5DB2-6EAA-4B54-BB32-8C94FA197B7E}
	EndGlobalSection
EndGlobal
